
Microsoft Visual Studio Solution File, Format Version 11.00
# Visual Studio 2010
Project("{FAE04EC0-301F-11D3-BF4B-00C04F79EFBC}") = "as-bibliothek-sql", "as-bibliothek-sql\as-bibliothek-sql.csproj", "{74F7AF06-5EB2-40B0-8C55-7EDA2215C441}"
EndProject
Global
	GlobalSection(SolutionConfigurationPlatforms) = preSolution
		Debug|x86 = Debug|x86
		Release|x86 = Release|x86
	EndGlobalSection
	GlobalSection(ProjectConfigurationPlatforms) = postSolution
		{74F7AF06-5EB2-40B0-8C55-7EDA2215C441}.Debug|x86.ActiveCfg = Debug|x86
		{74F7AF06-5EB2-40B0-8C55-7EDA2215C441}.Debug|x86.Build.0 = Debug|x86
		{74F7AF06-5EB2-40B0-8C55-7EDA2215C441}.Release|x86.ActiveCfg = Release|x86
		{74F7AF06-5EB2-40B0-8C55-7EDA2215C441}.Release|x86.Build.0 = Release|x86
	EndGlobalSection
	GlobalSection(SolutionProperties) = preSolution
		HideSolutionNode = FALSE
	EndGlobalSection
EndGlobal
